
Microsoft Visual Studio Solution File, Format Version 12.00
# Visual Studio Version 16
VisualStudioVersion = 16.0.29709.97
MinimumVisualStudioVersion = 10.0.40219.1
Project("{888888A0-9F3D-457C-B088-3A5042F75D52}") = "Hackerrank(whats-your-name)", "Hackerrank(whats-your-name)\Hackerrank(whats-your-name).pyproj", "{93F219FF-1877-47A3-B9C2-9BD24044F072}"
EndProject
Global
	GlobalSection(SolutionConfigurationPlatforms) = preSolution
		Debug|Any CPU = Debug|Any CPU
		Release|Any CPU = Release|Any CPU
	EndGlobalSection
	GlobalSection(ProjectConfigurationPlatforms) = postSolution
		{93F219FF-1877-47A3-B9C2-9BD24044F072}.Debug|Any CPU.ActiveCfg = Debug|Any CPU
		{93F219FF-1877-47A3-B9C2-9BD24044F072}.Release|Any CPU.ActiveCfg = Release|Any CPU
	EndGlobalSection
	GlobalSection(SolutionProperties) = preSolution
		HideSolutionNode = FALSE
	EndGlobalSection
	GlobalSection(ExtensibilityGlobals) = postSolution
		SolutionGuid = {2F317F2F-00EB-42F8-8153-F181EF2EF686}
	EndGlobalSection
EndGlobal
