
Microsoft Visual Studio Solution File, Format Version 12.00
# Visual Studio Version 16
VisualStudioVersion = 16.0.29709.97
MinimumVisualStudioVersion = 10.0.40219.1
Project("{888888A0-9F3D-457C-B088-3A5042F75D52}") = "Hackerrank(split_and_join)", "Hackerrank(split_and_join)\Hackerrank(split_and_join).pyproj", "{12B68936-7772-4FBD-99D6-FE18C2D3B1B2}"
EndProject
Global
	GlobalSection(SolutionConfigurationPlatforms) = preSolution
		Debug|Any CPU = Debug|Any CPU
		Release|Any CPU = Release|Any CPU
	EndGlobalSection
	GlobalSection(ProjectConfigurationPlatforms) = postSolution
		{12B68936-7772-4FBD-99D6-FE18C2D3B1B2}.Debug|Any CPU.ActiveCfg = Debug|Any CPU
		{12B68936-7772-4FBD-99D6-FE18C2D3B1B2}.Release|Any CPU.ActiveCfg = Release|Any CPU
	EndGlobalSection
	GlobalSection(SolutionProperties) = preSolution
		HideSolutionNode = FALSE
	EndGlobalSection
	GlobalSection(ExtensibilityGlobals) = postSolution
		SolutionGuid = {A21FBBA6-9C3C-4718-8D83-9584EB9BB24A}
	EndGlobalSection
EndGlobal
